
Microsoft Visual Studio Solution File, Format Version 12.00
Project("{FAE04EC0-301F-11D3-BF4B-00C04F79EFBC}") = "UserService.Api", "UserService.Api\UserService.Api.csproj", "{AA2B2178-32BC-4517-9BBC-8B8550865B45}"
EndProject
Project("{2150E333-8FDC-42A3-9474-1A3956D46DE8}") = "Solution Items", "Solution Items", "{1D7F64CB-F3B5-4ED1-A6E9-2D046A7FC14A}"
	ProjectSection(SolutionItems) = preProject
		compose.yaml = compose.yaml
	EndProjectSection
EndProject
Project("{FAE04EC0-301F-11D3-BF4B-00C04F79EFBC}") = "UserService.Domain", "UserService.Domain\UserService.Domain.csproj", "{E8816FBE-E860-433F-9EC5-0601287BADF5}"
EndProject
Project("{FAE04EC0-301F-11D3-BF4B-00C04F79EFBC}") = "UserService.Infrastructure", "UserService.Infrastructure\UserService.Infrastructure.csproj", "{9303BFD4-A0CE-4F7C-A441-DAD371929A0A}"
EndProject
Project("{FAE04EC0-301F-11D3-BF4B-00C04F79EFBC}") = "UserService.Domain.Tests", "UserService.Domain.Tests\UserService.Domain.Tests.csproj", "{0A8E209A-74A3-4AEC-A508-8EEBC2735443}"
EndProject
Global
	GlobalSection(SolutionConfigurationPlatforms) = preSolution
		Debug|Any CPU = Debug|Any CPU
		Debug|x64 = Debug|x64
		Debug|x86 = Debug|x86
		Release|Any CPU = Release|Any CPU
		Release|x64 = Release|x64
		Release|x86 = Release|x86
	EndGlobalSection
	GlobalSection(ProjectConfigurationPlatforms) = postSolution
		{AA2B2178-32BC-4517-9BBC-8B8550865B45}.Debug|Any CPU.ActiveCfg = Debug|Any CPU
		{AA2B2178-32BC-4517-9BBC-8B8550865B45}.Debug|Any CPU.Build.0 = Debug|Any CPU
		{AA2B2178-32BC-4517-9BBC-8B8550865B45}.Debug|x64.ActiveCfg = Debug|Any CPU
		{AA2B2178-32BC-4517-9BBC-8B8550865B45}.Debug|x64.Build.0 = Debug|Any CPU
		{AA2B2178-32BC-4517-9BBC-8B8550865B45}.Debug|x86.ActiveCfg = Debug|Any CPU
		{AA2B2178-32BC-4517-9BBC-8B8550865B45}.Debug|x86.Build.0 = Debug|Any CPU
		{AA2B2178-32BC-4517-9BBC-8B8550865B45}.Release|Any CPU.ActiveCfg = Release|Any CPU
		{AA2B2178-32BC-4517-9BBC-8B8550865B45}.Release|Any CPU.Build.0 = Release|Any CPU
		{AA2B2178-32BC-4517-9BBC-8B8550865B45}.Release|x64.ActiveCfg = Release|Any CPU
		{AA2B2178-32BC-4517-9BBC-8B8550865B45}.Release|x64.Build.0 = Release|Any CPU
		{AA2B2178-32BC-4517-9BBC-8B8550865B45}.Release|x86.ActiveCfg = Release|Any CPU
		{AA2B2178-32BC-4517-9BBC-8B8550865B45}.Release|x86.Build.0 = Release|Any CPU
		{E8816FBE-E860-433F-9EC5-0601287BADF5}.Debug|Any CPU.ActiveCfg = Debug|Any CPU
		{E8816FBE-E860-433F-9EC5-0601287BADF5}.Debug|Any CPU.Build.0 = Debug|Any CPU
		{E8816FBE-E860-433F-9EC5-0601287BADF5}.Debug|x64.ActiveCfg = Debug|Any CPU
		{E8816FBE-E860-433F-9EC5-0601287BADF5}.Debug|x64.Build.0 = Debug|Any CPU
		{E8816FBE-E860-433F-9EC5-0601287BADF5}.Debug|x86.ActiveCfg = Debug|Any CPU
		{E8816FBE-E860-433F-9EC5-0601287BADF5}.Debug|x86.Build.0 = Debug|Any CPU
		{E8816FBE-E860-433F-9EC5-0601287BADF5}.Release|Any CPU.ActiveCfg = Release|Any CPU
		{E8816FBE-E860-433F-9EC5-0601287BADF5}.Release|Any CPU.Build.0 = Release|Any CPU
		{E8816FBE-E860-433F-9EC5-0601287BADF5}.Release|x64.ActiveCfg = Release|Any CPU
		{E8816FBE-E860-433F-9EC5-0601287BADF5}.Release|x64.Build.0 = Release|Any CPU
		{E8816FBE-E860-433F-9EC5-0601287BADF5}.Release|x86.ActiveCfg = Release|Any CPU
		{E8816FBE-E860-433F-9EC5-0601287BADF5}.Release|x86.Build.0 = Release|Any CPU
		{9303BFD4-A0CE-4F7C-A441-DAD371929A0A}.Debug|Any CPU.ActiveCfg = Debug|Any CPU
		{9303BFD4-A0CE-4F7C-A441-DAD371929A0A}.Debug|Any CPU.Build.0 = Debug|Any CPU
		{9303BFD4-A0CE-4F7C-A441-DAD371929A0A}.Debug|x64.ActiveCfg = Debug|Any CPU
		{9303BFD4-A0CE-4F7C-A441-DAD371929A0A}.Debug|x64.Build.0 = Debug|Any CPU
		{9303BFD4-A0CE-4F7C-A441-DAD371929A0A}.Debug|x86.ActiveCfg = Debug|Any CPU
		{9303BFD4-A0CE-4F7C-A441-DAD371929A0A}.Debug|x86.Build.0 = Debug|Any CPU
		{9303BFD4-A0CE-4F7C-A441-DAD371929A0A}.Release|Any CPU.ActiveCfg = Release|Any CPU
		{9303BFD4-A0CE-4F7C-A441-DAD371929A0A}.Release|Any CPU.Build.0 = Release|Any CPU
		{9303BFD4-A0CE-4F7C-A441-DAD371929A0A}.Release|x64.ActiveCfg = Release|Any CPU
		{9303BFD4-A0CE-4F7C-A441-DAD371929A0A}.Release|x64.Build.0 = Release|Any CPU
		{9303BFD4-A0CE-4F7C-A441-DAD371929A0A}.Release|x86.ActiveCfg = Release|Any CPU
		{9303BFD4-A0CE-4F7C-A441-DAD371929A0A}.Release|x86.Build.0 = Release|Any CPU
		{0A8E209A-74A3-4AEC-A508-8EEBC2735443}.Debug|Any CPU.ActiveCfg = Debug|Any CPU
		{0A8E209A-74A3-4AEC-A508-8EEBC2735443}.Debug|Any CPU.Build.0 = Debug|Any CPU
		{0A8E209A-74A3-4AEC-A508-8EEBC2735443}.Debug|x64.ActiveCfg = Debug|Any CPU
		{0A8E209A-74A3-4AEC-A508-8EEBC2735443}.Debug|x64.Build.0 = Debug|Any CPU
		{0A8E209A-74A3-4AEC-A508-8EEBC2735443}.Debug|x86.ActiveCfg = Debug|Any CPU
		{0A8E209A-74A3-4AEC-A508-8EEBC2735443}.Debug|x86.Build.0 = Debug|Any CPU
		{0A8E209A-74A3-4AEC-A508-8EEBC2735443}.Release|Any CPU.ActiveCfg = Release|Any CPU
		{0A8E209A-74A3-4AEC-A508-8EEBC2735443}.Release|Any CPU.Build.0 = Release|Any CPU
		{0A8E209A-74A3-4AEC-A508-8EEBC2735443}.Release|x64.ActiveCfg = Release|Any CPU
		{0A8E209A-74A3-4AEC-A508-8EEBC2735443}.Release|x64.Build.0 = Release|Any CPU
		{0A8E209A-74A3-4AEC-A508-8EEBC2735443}.Release|x86.ActiveCfg = Release|Any CPU
		{0A8E209A-74A3-4AEC-A508-8EEBC2735443}.Release|x86.Build.0 = Release|Any CPU
	EndGlobalSection
	GlobalSection(SolutionProperties) = preSolution
		HideSolutionNode = FALSE
	EndGlobalSection
EndGlobal
